# THIS IS AN AUTOGENERATED FILE. DO NOT EDIT THIS FILE DIRECTLY.
# yarn lockfile v1


"@esbuild/linux-x64@0.17.8":
  "integrity" "sha512-mM/9S0SbAFDBc4OPoyP6SEOo5324LpUxdpeIUUSrSTOfhHU9hEfqRngmKgqILqwx/0DVJBzeNW7HmLEWp9vcOA=="
  "resolved" "https://registry.npmjs.org/@esbuild/linux-x64/-/linux-x64-0.17.8.tgz"
  "version" "0.17.8"

"@hotwired/stimulus@^3.2.1":
  "integrity" "sha512-HGlzDcf9vv/EQrMJ5ZG6VWNs8Z/xMN+1o2OhV1gKiSG6CqZt5MCBB1gRg5ILiN3U0jEAxuDTNPRfBcnZBDmupQ=="
  "resolved" "https://registry.npmjs.org/@hotwired/stimulus/-/stimulus-3.2.1.tgz"
  "version" "3.2.1"

"@hotwired/turbo-rails@^7.2.5":
  "integrity" "sha512-F8ztmARxd/XBdevRa//HoJGZ7u+Unb0J7cQUeUP+pBvt9Ta2TJJ7a2TORAOhjC8Zgxx+LKwm/1UUHqN3ojjiGw=="
  "resolved" "https://registry.npmjs.org/@hotwired/turbo-rails/-/turbo-rails-7.2.5.tgz"
  "version" "7.2.5"
  dependencies:
    "@hotwired/turbo" "^7.2.5"
    "@rails/actioncable" "^7.0"

"@hotwired/turbo@^7.2.5":
  "integrity" "sha512-o5PByC/mWkmTe4pWnKrixhPECJUxIT/NHtxKqjq7n9Fj6JlNza1pgxdTCJVIq+PI0j95U+7mA3N4n4A/QYZtZQ=="
  "resolved" "https://registry.npmjs.org/@hotwired/turbo/-/turbo-7.2.5.tgz"
  "version" "7.2.5"

"@popperjs/core@^2.11.2":
  "integrity" "sha512-P1st0aksCrn9sGZhp8GMYwBnQsbvAWsZAX44oXNNvLHGqAOcoVxmjZiohstwQ7SqKnbR47akdNi+uleWD8+g6A=="
  "resolved" "https://registry.npmjs.org/@popperjs/core/-/core-2.11.8.tgz"
  "version" "2.11.8"

"@preline/overlay@^1.4.0":
  "integrity" "sha512-K3Ybp1jGkonimWIlS986Lzz/4ezuYNqQNTK2ZS0tDka69hzutA10CraAeflEHG2A1n7EzWkZE1vjLuy7s7pgjg=="
  "resolved" "https://registry.npmjs.org/@preline/overlay/-/overlay-1.4.0.tgz"
  "version" "1.4.0"

"@rails/actioncable@^7.0":
  "integrity" "sha512-tz4oM+Zn9CYsvtyicsa/AwzKZKL+ITHWkhiu7x+xF77clh2b4Rm+s6xnOgY/sGDWoFWZmtKsE95hxBPkgQQNnQ=="
  "resolved" "https://registry.npmjs.org/@rails/actioncable/-/actioncable-7.0.4.tgz"
  "version" "7.0.4"

"esbuild@^0.17.8":
  "integrity" "sha512-g24ybC3fWhZddZK6R3uD2iF/RIPnRpwJAqLov6ouX3hMbY4+tKolP0VMF3zuIYCaXun+yHwS5IPQ91N2BT191g=="
  "resolved" "https://registry.npmjs.org/esbuild/-/esbuild-0.17.8.tgz"
  "version" "0.17.8"
  optionalDependencies:
    "@esbuild/android-arm" "0.17.8"
    "@esbuild/android-arm64" "0.17.8"
    "@esbuild/android-x64" "0.17.8"
    "@esbuild/darwin-arm64" "0.17.8"
    "@esbuild/darwin-x64" "0.17.8"
    "@esbuild/freebsd-arm64" "0.17.8"
    "@esbuild/freebsd-x64" "0.17.8"
    "@esbuild/linux-arm" "0.17.8"
    "@esbuild/linux-arm64" "0.17.8"
    "@esbuild/linux-ia32" "0.17.8"
    "@esbuild/linux-loong64" "0.17.8"
    "@esbuild/linux-mips64el" "0.17.8"
    "@esbuild/linux-ppc64" "0.17.8"
    "@esbuild/linux-riscv64" "0.17.8"
    "@esbuild/linux-s390x" "0.17.8"
    "@esbuild/linux-x64" "0.17.8"
    "@esbuild/netbsd-x64" "0.17.8"
    "@esbuild/openbsd-x64" "0.17.8"
    "@esbuild/sunos-x64" "0.17.8"
    "@esbuild/win32-arm64" "0.17.8"
    "@esbuild/win32-ia32" "0.17.8"
    "@esbuild/win32-x64" "0.17.8"

"preline@^1.8.0":
  "integrity" "sha512-guttn86Fc/+AbvN9oKcr2z3zU7DL3Q5dl7nhcR4nTi5F02LXQc7WIYwgIXMR97kymCs52feiju6glXO3dUIpvA=="
  "resolved" "https://registry.npmjs.org/preline/-/preline-1.8.0.tgz"
  "version" "1.8.0"
  dependencies:
    "@popperjs/core" "^2.11.2"
